// !$*UTF8*$!
{
	archiveVersion = 1;
	classes = {
	};
	objectVersion = 50;
	objects = {

/* Begin PBXBuildFile section */
		BA9AF34F214B675D00A3CC99 /* Shot.swift in Sources */ = {isa = PBXBuildFile; fileRef = BA9AF34E214B675D00A3CC99 /* Shot.swift */; };
		BA9AF353214B698A00A3CC99 /* MyShotsTableViewController.swift in Sources */ = {isa = PBXBuildFile; fileRef = BA9AF352214B698A00A3CC99 /* MyShotsTableViewController.swift */; };
		BAB0D1FA2081BA0600993D40 /* AppDelegate.swift in Sources */ = {isa = PBXBuildFile; fileRef = BAB0D1F92081BA0600993D40 /* AppDelegate.swift */; };
		BAB0D1FC2081BA0600993D40 /* TrackingViewController.swift in Sources */ = {isa = PBXBuildFile; fileRef = BAB0D1FB2081BA0600993D40 /* TrackingViewController.swift */; };
		BAB0D1FF2081BA0600993D40 /* Main.storyboard in Resources */ = {isa = PBXBuildFile; fileRef = BAB0D1FD2081BA0600993D40 /* Main.storyboard */; };
		BAB0D2012081BA0C00993D40 /* Assets.xcassets in Resources */ = {isa = PBXBuildFile; fileRef = BAB0D2002081BA0C00993D40 /* Assets.xcassets */; };
		BAB0D2042081BA0C00993D40 /* LaunchScreen.storyboard in Resources */ = {isa = PBXBuildFile; fileRef = BAB0D2022081BA0C00993D40 /* LaunchScreen.storyboard */; };
		BAB0D20C2081C58800993D40 /* TrackingState.swift in Sources */ = {isa = PBXBuildFile; fileRef = BAB0D20B2081C58800993D40 /* TrackingState.swift */; };
		BAF38B4F214B46B9008B7292 /* Constants.swift in Sources */ = {isa = PBXBuildFile; fileRef = BAF38B4E214B46B9008B7292 /* Constants.swift */; };
/* End PBXBuildFile section */

/* Begin PBXFileReference section */
		BA9AF34E214B675D00A3CC99 /* Shot.swift */ = {isa = PBXFileReference; lastKnownFileType = sourcecode.swift; path = Shot.swift; sourceTree = "<group>"; };
		BA9AF352214B698A00A3CC99 /* MyShotsTableViewController.swift */ = {isa = PBXFileReference; lastKnownFileType = sourcecode.swift; path = MyShotsTableViewController.swift; sourceTree = "<group>"; };
		BAB0D1F62081BA0600993D40 /* DistanceTracker.app */ = {isa = PBXFileReference; explicitFileType = wrapper.application; includeInIndex = 0; path = DistanceTracker.app; sourceTree = BUILT_PRODUCTS_DIR; };
		BAB0D1F92081BA0600993D40 /* AppDelegate.swift */ = {isa = PBXFileReference; lastKnownFileType = sourcecode.swift; path = AppDelegate.swift; sourceTree = "<group>"; };
		BAB0D1FB2081BA0600993D40 /* TrackingViewController.swift */ = {isa = PBXFileReference; lastKnownFileType = sourcecode.swift; path = TrackingViewController.swift; sourceTree = "<group>"; };
		BAB0D1FE2081BA0600993D40 /* Base */ = {isa = PBXFileReference; lastKnownFileType = file.storyboard; name = Base; path = Base.lproj/Main.storyboard; sourceTree = "<group>"; };
		BAB0D2002081BA0C00993D40 /* Assets.xcassets */ = {isa = PBXFileReference; lastKnownFileType = folder.assetcatalog; path = Assets.xcassets; sourceTree = "<group>"; };
		BAB0D2032081BA0C00993D40 /* Base */ = {isa = PBXFileReference; lastKnownFileType = file.storyboard; name = Base; path = Base.lproj/LaunchScreen.storyboard; sourceTree = "<group>"; };
		BAB0D2052081BA0C00993D40 /* Info.plist */ = {isa = PBXFileReference; lastKnownFileType = text.plist.xml; path = Info.plist; sourceTree = "<group>"; };
		BAB0D20B2081C58800993D40 /* TrackingState.swift */ = {isa = PBXFileReference; lastKnownFileType = sourcecode.swift; path = TrackingState.swift; sourceTree = "<group>"; };
		BAF38B4E214B46B9008B7292 /* Constants.swift */ = {isa = PBXFileReference; lastKnownFileType = sourcecode.swift; path = Constants.swift; sourceTree = "<group>"; };
/* End PBXFileReference section */

/* Begin PBXFrameworksBuildPhase section */
		BAB0D1F32081BA0600993D40 /* Frameworks */ = {
			isa = PBXFrameworksBuildPhase;
			buildActionMask = 2147483647;
			files = (
			);
			runOnlyForDeploymentPostprocessing = 0;
		};
/* End PBXFrameworksBuildPhase section */

/* Begin PBXGroup section */
		BAB0D1ED2081BA0600993D40 = {
			isa = PBXGroup;
			children = (
				BAB0D1F82081BA0600993D40 /* DistanceTracker */,
				BAF38B4D214B428E008B7292 /* DistanceTrackerTests */,
				BAB0D1F72081BA0600993D40 /* Products */,
			);
			sourceTree = "<group>";
		};
		BAB0D1F72081BA0600993D40 /* Products */ = {
			isa = PBXGroup;
			children = (
				BAB0D1F62081BA0600993D40 /* DistanceTracker.app */,
			);
			name = Products;
			sourceTree = "<group>";
		};
		BAB0D1F82081BA0600993D40 /* DistanceTracker */ = {
			isa = PBXGroup;
			children = (
				BAB0D1F92081BA0600993D40 /* AppDelegate.swift */,
				BAB0D1FB2081BA0600993D40 /* TrackingViewController.swift */,
				BAB0D1FD2081BA0600993D40 /* Main.storyboard */,
				BAB0D2002081BA0C00993D40 /* Assets.xcassets */,
				BAB0D2022081BA0C00993D40 /* LaunchScreen.storyboard */,
				BAB0D2052081BA0C00993D40 /* Info.plist */,
				BAB0D20B2081C58800993D40 /* TrackingState.swift */,
				BAF38B4E214B46B9008B7292 /* Constants.swift */,
				BA9AF34E214B675D00A3CC99 /* Shot.swift */,
				BA9AF352214B698A00A3CC99 /* MyShotsTableViewController.swift */,
			);
			path = DistanceTracker;
			sourceTree = "<group>";
		};
		BAF38B4D214B428E008B7292 /* DistanceTrackerTests */ = {
			isa = PBXGroup;
			children = (
			);
			path = DistanceTrackerTests;
			sourceTree = "<group>";
		};
/* End PBXGroup section */

/* Begin PBXNativeTarget section */
		BAB0D1F52081BA0600993D40 /* DistanceTracker */ = {
			isa = PBXNativeTarget;
			buildConfigurationList = BAB0D2082081BA0C00993D40 /* Build configuration list for PBXNativeTarget "DistanceTracker" */;
			buildPhases = (
				BAB0D1F22081BA0600993D40 /* Sources */,
				BAB0D1F32081BA0600993D40 /* Frameworks */,
				BAB0D1F42081BA0600993D40 /* Resources */,
			);
			buildRules = (
			);
			dependencies = (
			);
			name = DistanceTracker;
			productName = DistanceTracker;
			productReference = BAB0D1F62081BA0600993D40 /* DistanceTracker.app */;
			productType = "com.apple.product-type.application";
		};
/* End PBXNativeTarget section */

/* Begin PBXProject section */
		BAB0D1EE2081BA0600993D40 /* Project object */ = {
			isa = PBXProject;
			attributes = {
				LastSwiftUpdateCheck = 0930;
				LastUpgradeCheck = 0930;
				ORGANIZATIONNAME = "Henry Bethke";
				TargetAttributes = {
					BAB0D1F52081BA0600993D40 = {
						CreatedOnToolsVersion = 9.3;
					};
				};
			};
			buildConfigurationList = BAB0D1F12081BA0600993D40 /* Build configuration list for PBXProject "DistanceTracker" */;
			compatibilityVersion = "Xcode 9.3";
			developmentRegion = en;
			hasScannedForEncodings = 0;
			knownRegions = (
				en,
				Base,
			);
			mainGroup = BAB0D1ED2081BA0600993D40;
			productRefGroup = BAB0D1F72081BA0600993D40 /* Products */;
			projectDirPath = "";
			projectRoot = "";
			targets = (
				BAB0D1F52081BA0600993D40 /* DistanceTracker */,
			);
		};
/* End PBXProject section */

/* Begin PBXResourcesBuildPhase section */
		BAB0D1F42081BA0600993D40 /* Resources */ = {
			isa = PBXResourcesBuildPhase;
			buildActionMask = 2147483647;
			files = (
				BAB0D2042081BA0C00993D40 /* LaunchScreen.storyboard in Resources */,
				BAB0D2012081BA0C00993D40 /* Assets.xcassets in Resources */,
				BAB0D1FF2081BA0600993D40 /* Main.storyboard in Resources */,
			);
			runOnlyForDeploymentPostprocessing = 0;
		};
/* End PBXResourcesBuildPhase section */

/* Begin PBXSourcesBuildPhase section */
		BAB0D1F22081BA0600993D40 /* Sources */ = {
			isa = PBXSourcesBuildPhase;
			buildActionMask = 2147483647;
			files = (
				BAB0D1FC2081BA0600993D40 /* TrackingViewController.swift in Sources */,
				BAB0D20C2081C58800993D40 /* TrackingState.swift in Sources */,
				BA9AF353214B698A00A3CC99 /* MyShotsTableViewController.swift in Sources */,
				BAB0D1FA2081BA0600993D40 /* AppDelegate.swift in Sources */,
				BA9AF34F214B675D00A3CC99 /* Shot.swift in Sources */,
				BAF38B4F214B46B9008B7292 /* Constants.swift in Sources */,
			);
			runOnlyForDeploymentPostprocessing = 0;
		};
/* End PBXSourcesBuildPhase section */

/* Begin PBXVariantGroup section */
		BAB0D1FD2081BA0600993D40 /* Main.storyboard */ = {
			isa = PBXVariantGroup;
			children = (
				BAB0D1FE2081BA0600993D40 /* Base */,
			);
			name = Main.storyboard;
			sourceTree = "<group>";
		};
		BAB0D2022081BA0C00993D40 /* LaunchScreen.storyboard */ = {
			isa = PBXVariantGroup;
			children = (
				BAB0D2032081BA0C00993D40 /* Base */,
			);
			name = LaunchScreen.storyboard;
			sourceTree = "<group>";
		};
/* End PBXVariantGroup section */

/* Begin XCBuildConfiguration section */
		BAB0D2062081BA0C00993D40 /* Debug */ = {
			isa = XCBuildConfiguration;
			buildSettings = {
				ALWAYS_SEARCH_USER_PATHS = NO;
				CLANG_ANALYZER_NONNULL = YES;
				CLANG_ANALYZER_NUMBER_OBJECT_CONVERSION = YES_AGGRESSIVE;
				CLANG_CXX_LANGUAGE_STANDARD = "gnu++14";
				CLANG_CXX_LIBRARY = "libc++";
				CLANG_ENABLE_MODULES = YES;
				CLANG_ENABLE_OBJC_ARC = YES;
				CLANG_ENABLE_OBJC_WEAK = YES;
				CLANG_WARN_BLOCK_CAPTURE_AUTORELEASING = YES;
				CLANG_WARN_BOOL_CONVERSION = YES;
				CLANG_WARN_COMMA = YES;
				CLANG_WARN_CONSTANT_CONVERSION = YES;
				CLANG_WARN_DEPRECATED_OBJC_IMPLEMENTATIONS = YES;
				CLANG_WARN_DIRECT_OBJC_ISA_USAGE = YES_ERROR;
				CLANG_WARN_DOCUMENTATION_COMMENTS = YES;
				CLANG_WARN_EMPTY_BODY = YES;
				CLANG_WARN_ENUM_CONVERSION = YES;
				CLANG_WARN_INFINITE_RECURSION = YES;
				CLANG_WARN_INT_CONVERSION = YES;
				CLANG_WARN_NON_LITERAL_NULL_CONVERSION = YES;
				CLANG_WARN_OBJC_IMPLICIT_RETAIN_SELF = YES;
				CLANG_WARN_OBJC_LITERAL_CONVERSION = YES;
				CLANG_WARN_OBJC_ROOT_CLASS = YES_ERROR;
				CLANG_WARN_RANGE_LOOP_ANALYSIS = YES;
				CLANG_WARN_STRICT_PROTOTYPES = YES;
				CLANG_WARN_SUSPICIOUS_MOVE = YES;
				CLANG_WARN_UNGUARDED_AVAILABILITY = YES_AGGRESSIVE;
				CLANG_WARN_UNREACHABLE_CODE = YES;
				CLANG_WARN__DUPLICATE_METHOD_MATCH = YES;
				CODE_SIGN_IDENTITY = "iPhone Developer";
				COPY_PHASE_STRIP = NO;
				DEBUG_INFORMATION_FORMAT = dwarf;
				ENABLE_STRICT_OBJC_MSGSEND = YES;
				ENABLE_TESTABILITY = YES;
				GCC_C_LANGUAGE_STANDARD = gnu11;
				GCC_DYNAMIC_NO_PIC = NO;
				GCC_NO_COMMON_BLOCKS = YES;
				GCC_OPTIMIZATION_LEVEL = 0;
				GCC_PREPROCESSOR_DEFINITIONS = (
					"DEBUG=1",
					"$(inherited)",
				);
				GCC_WARN_64_TO_32_BIT_CONVERSION = YES;
				GCC_WARN_ABOUT_RETURN_TYPE = YES_ERROR;
				GCC_WARN_UNDECLARED_SELECTOR = YES;
				GCC_WARN_UNINITIALIZED_AUTOS = YES_AGGRESSIVE;
				GCC_WARN_UNUSED_FUNCTION = YES;
				GCC_WARN_UNUSED_VARIABLE = YES;
				IPHONEOS_DEPLOYMENT_TARGET = 11.3;
				MTL_ENABLE_DEBUG_INFO = YES;
				ONLY_ACTIVE_ARCH = YES;
				SDKROOT = iphoneos;
				SWIFT_ACTIVE_COMPILATION_CONDITIONS = DEBUG;
				SWIFT_OPTIMIZATION_LEVEL = "-Onone";
			};
			name = Debug;
		};
		BAB0D2072081BA0C00993D40 /* Release */ = {
			isa = XCBuildConfiguration;
			buildSettings = {
				ALWAYS_SEARCH_USER_PATHS = NO;
				CLANG_ANALYZER_NONNULL = YES;
				CLANG_ANALYZER_NUMBER_OBJECT_CONVERSION = YES_AGGRESSIVE;
				CLANG_CXX_LANGUAGE_STANDARD = "gnu++14";
				CLANG_CXX_LIBRARY = "libc++";
				CLANG_ENABLE_MODULES = YES;
				CLANG_ENABLE_OBJC_ARC = YES;
				CLANG_ENABLE_OBJC_WEAK = YES;
				CLANG_WARN_BLOCK_CAPTURE_AUTORELEASING = YES;
				CLANG_WARN_BOOL_CONVERSION = YES;
				CLANG_WARN_COMMA = YES;
				CLANG_WARN_CONSTANT_CONVERSION = YES;
				CLANG_WARN_DEPRECATED_OBJC_IMPLEMENTATIONS = YES;
				CLANG_WARN_DIRECT_OBJC_ISA_USAGE = YES_ERROR;
				CLANG_WARN_DOCUMENTATION_COMMENTS = YES;
				CLANG_WARN_EMPTY_BODY = YES;
				CLANG_WARN_ENUM_CONVERSION = YES;
				CLANG_WARN_INFINITE_RECURSION = YES;
				CLANG_WARN_INT_CONVERSION = YES;
				CLANG_WARN_NON_LITERAL_NULL_CONVERSION = YES;
				CLANG_WARN_OBJC_IMPLICIT_RETAIN_SELF = YES;
				CLANG_WARN_OBJC_LITERAL_CONVERSION = YES;
				CLANG_WARN_OBJC_ROOT_CLASS = YES_ERROR;
				CLANG_WARN_RANGE_LOOP_ANALYSIS = YES;
				CLANG_WARN_STRICT_PROTOTYPES = YES;
				CLANG_WARN_SUSPICIOUS_MOVE = YES;
				CLANG_WARN_UNGUARDED_AVAILABILITY = YES_AGGRESSIVE;
				CLANG_WARN_UNREACHABLE_CODE = YES;
				CLANG_WARN__DUPLICATE_METHOD_MATCH = YES;
				CODE_SIGN_IDENTITY = "iPhone Developer";
				COPY_PHASE_STRIP = NO;
				DEBUG_INFORMATION_FORMAT = "dwarf-with-dsym";
				ENABLE_NS_ASSERTIONS = NO;
				ENABLE_STRICT_OBJC_MSGSEND = YES;
				GCC_C_LANGUAGE_STANDARD = gnu11;
				GCC_NO_COMMON_BLOCKS = YES;
				GCC_WARN_64_TO_32_BIT_CONVERSION = YES;
				GCC_WARN_ABOUT_RETURN_TYPE = YES_ERROR;
				GCC_WARN_UNDECLARED_SELECTOR = YES;
				GCC_WARN_UNINITIALIZED_AUTOS = YES_AGGRESSIVE;
				GCC_WARN_UNUSED_FUNCTION = YES;
				GCC_WARN_UNUSED_VARIABLE = YES;
				IPHONEOS_DEPLOYMENT_TARGET = 11.3;
				MTL_ENABLE_DEBUG_INFO = NO;
				SDKROOT = iphoneos;
				SWIFT_COMPILATION_MODE = wholemodule;
				SWIFT_OPTIMIZATION_LEVEL = "-O";
				VALIDATE_PRODUCT = YES;
			};
			name = Release;
		};
		BAB0D2092081BA0C00993D40 /* Debug */ = {
			isa = XCBuildConfiguration;
			buildSettings = {
				ASSETCATALOG_COMPILER_APPICON_NAME = AppIcon;
				CODE_SIGN_STYLE = Automatic;
				DEVELOPMENT_TEAM = D3Z54E43P4;
				INFOPLIST_FILE = DistanceTracker/Info.plist;
				LD_RUNPATH_SEARCH_PATHS = (
					"$(inherited)",
					"@executable_path/Frameworks",
				);
				PRODUCT_BUNDLE_IDENTIFIER = henrybethke.DistanceTracker;
				PRODUCT_NAME = "$(TARGET_NAME)";
				SWIFT_VERSION = 4.0;
				TARGETED_DEVICE_FAMILY = "1,2";
			};
			name = Debug;
		};
		BAB0D20A2081BA0C00993D40 /* Release */ = {
			isa = XCBuildConfiguration;
			buildSettings = {
				ASSETCATALOG_COMPILER_APPICON_NAME = AppIcon;
				CODE_SIGN_STYLE = Automatic;
				DEVELOPMENT_TEAM = D3Z54E43P4;
				INFOPLIST_FILE = DistanceTracker/Info.plist;
				LD_RUNPATH_SEARCH_PATHS = (
					"$(inherited)",
					"@executable_path/Frameworks",
				);
				PRODUCT_BUNDLE_IDENTIFIER = henrybethke.DistanceTracker;
				PRODUCT_NAME = "$(TARGET_NAME)";
				SWIFT_VERSION = 4.0;
				TARGETED_DEVICE_FAMILY = "1,2";
			};
			name = Release;
		};
/* End XCBuildConfiguration section */

/* Begin XCConfigurationList section */
		BAB0D1F12081BA0600993D40 /* Build configuration list for PBXProject "DistanceTracker" */ = {
			isa = XCConfigurationList;
			buildConfigurations = (
				BAB0D2062081BA0C00993D40 /* Debug */,
				BAB0D2072081BA0C00993D40 /* Release */,
			);
			defaultConfigurationIsVisible = 0;
			defaultConfigurationName = Release;
		};
		BAB0D2082081BA0C00993D40 /* Build configuration list for PBXNativeTarget "DistanceTracker" */ = {
			isa = XCConfigurationList;
			buildConfigurations = (
				BAB0D2092081BA0C00993D40 /* Debug */,
				BAB0D20A2081BA0C00993D40 /* Release */,
			);
			defaultConfigurationIsVisible = 0;
			defaultConfigurationName = Release;
		};
/* End XCConfigurationList section */
	};
	rootObject = BAB0D1EE2081BA0600993D40 /* Project object */;
}
